
Microsoft Visual Studio Solution File, Format Version 12.00
# Visual Studio 15
VisualStudioVersion = 15.0.28307.902
MinimumVisualStudioVersion = 10.0.40219.1
Project("{9A19103F-16F7-4668-BE54-9A1E7A4F7556}") = "BlogEngine", "BlogEngine\BlogEngine.csproj", "{7E654411-42A0-4735-A2B6-66184D0B6835}"
EndProject
Project("{9A19103F-16F7-4668-BE54-9A1E7A4F7556}") = "BlogEngine.Data", "BlogEngine.Data\BlogEngine.Data.csproj", "{EC86FBDE-A062-4B9E-B3C2-87CE73341006}"
EndProject
Project("{9A19103F-16F7-4668-BE54-9A1E7A4F7556}") = "BlogEngine.Domain", "BlogEngine.Domain\BlogEngine.Domain.csproj", "{A3D03B23-4C03-4D3D-8C5A-9C52E7762173}"
EndProject
Project("{9A19103F-16F7-4668-BE54-9A1E7A4F7556}") = "BlogEngine.Domain.Services", "BlogEngine.Domain.Services\BlogEngine.Domain.Services.csproj", "{465DDE84-F042-4C57-AD7D-422EC6214589}"
EndProject
Project("{FAE04EC0-301F-11D3-BF4B-00C04F79EFBC}") = "BlogEngine.Core", "BlogEngine.Core\BlogEngine.Core.csproj", "{63AE8BAA-AB75-4A33-A0ED-FF3BD9108811}"
EndProject
Global
	GlobalSection(SolutionConfigurationPlatforms) = preSolution
		Debug|Any CPU = Debug|Any CPU
		Release|Any CPU = Release|Any CPU
	EndGlobalSection
	GlobalSection(ProjectConfigurationPlatforms) = postSolution
		{7E654411-42A0-4735-A2B6-66184D0B6835}.Debug|Any CPU.ActiveCfg = Debug|Any CPU
		{7E654411-42A0-4735-A2B6-66184D0B6835}.Debug|Any CPU.Build.0 = Debug|Any CPU
		{7E654411-42A0-4735-A2B6-66184D0B6835}.Release|Any CPU.ActiveCfg = Release|Any CPU
		{7E654411-42A0-4735-A2B6-66184D0B6835}.Release|Any CPU.Build.0 = Release|Any CPU
		{EC86FBDE-A062-4B9E-B3C2-87CE73341006}.Debug|Any CPU.ActiveCfg = Debug|Any CPU
		{EC86FBDE-A062-4B9E-B3C2-87CE73341006}.Debug|Any CPU.Build.0 = Debug|Any CPU
		{EC86FBDE-A062-4B9E-B3C2-87CE73341006}.Release|Any CPU.ActiveCfg = Release|Any CPU
		{EC86FBDE-A062-4B9E-B3C2-87CE73341006}.Release|Any CPU.Build.0 = Release|Any CPU
		{A3D03B23-4C03-4D3D-8C5A-9C52E7762173}.Debug|Any CPU.ActiveCfg = Debug|Any CPU
		{A3D03B23-4C03-4D3D-8C5A-9C52E7762173}.Debug|Any CPU.Build.0 = Debug|Any CPU
		{A3D03B23-4C03-4D3D-8C5A-9C52E7762173}.Release|Any CPU.ActiveCfg = Release|Any CPU
		{A3D03B23-4C03-4D3D-8C5A-9C52E7762173}.Release|Any CPU.Build.0 = Release|Any CPU
		{465DDE84-F042-4C57-AD7D-422EC6214589}.Debug|Any CPU.ActiveCfg = Debug|Any CPU
		{465DDE84-F042-4C57-AD7D-422EC6214589}.Debug|Any CPU.Build.0 = Debug|Any CPU
		{465DDE84-F042-4C57-AD7D-422EC6214589}.Release|Any CPU.ActiveCfg = Release|Any CPU
		{465DDE84-F042-4C57-AD7D-422EC6214589}.Release|Any CPU.Build.0 = Release|Any CPU
		{63AE8BAA-AB75-4A33-A0ED-FF3BD9108811}.Debug|Any CPU.ActiveCfg = Debug|Any CPU
		{63AE8BAA-AB75-4A33-A0ED-FF3BD9108811}.Debug|Any CPU.Build.0 = Debug|Any CPU
		{63AE8BAA-AB75-4A33-A0ED-FF3BD9108811}.Release|Any CPU.ActiveCfg = Release|Any CPU
		{63AE8BAA-AB75-4A33-A0ED-FF3BD9108811}.Release|Any CPU.Build.0 = Release|Any CPU
	EndGlobalSection
	GlobalSection(SolutionProperties) = preSolution
		HideSolutionNode = FALSE
	EndGlobalSection
	GlobalSection(ExtensibilityGlobals) = postSolution
		SolutionGuid = {534FFE07-55E3-49AE-B4B6-70EA7039D70C}
	EndGlobalSection
EndGlobal
